
Microsoft Visual Studio Solution File, Format Version 12.00
# Visual Studio Version 17
VisualStudioVersion = 17.7.34202.233
MinimumVisualStudioVersion = 10.0.40219.1
Project("{FAE04EC0-301F-11D3-BF4B-00C04F79EFBC}") = "Laboratorio_Sem_09", "Laboratorio_Sem_09.csproj", "{472D0A9F-83BD-49AC-BBC0-86F4C0212624}"
EndProject
Global
	GlobalSection(SolutionConfigurationPlatforms) = preSolution
		Debug|Any CPU = Debug|Any CPU
		Release|Any CPU = Release|Any CPU
	EndGlobalSection
	GlobalSection(ProjectConfigurationPlatforms) = postSolution
		{472D0A9F-83BD-49AC-BBC0-86F4C0212624}.Debug|Any CPU.ActiveCfg = Debug|Any CPU
		{472D0A9F-83BD-49AC-BBC0-86F4C0212624}.Debug|Any CPU.Build.0 = Debug|Any CPU
		{472D0A9F-83BD-49AC-BBC0-86F4C0212624}.Release|Any CPU.ActiveCfg = Release|Any CPU
		{472D0A9F-83BD-49AC-BBC0-86F4C0212624}.Release|Any CPU.Build.0 = Release|Any CPU
	EndGlobalSection
	GlobalSection(SolutionProperties) = preSolution
		HideSolutionNode = FALSE
	EndGlobalSection
	GlobalSection(ExtensibilityGlobals) = postSolution
		SolutionGuid = {5794FB3D-5210-46DE-A062-853F9E45157A}
	EndGlobalSection
EndGlobal
